
Microsoft Visual Studio Solution File, Format Version 12.00
# Visual Studio 2013
VisualStudioVersion = 12.0.21005.1
MinimumVisualStudioVersion = 10.0.40219.1
Project("{FAE04EC0-301F-11D3-BF4B-00C04F79EFBC}") = "GoogleMapsHelpers", "src\GoogleMapsHelpers\GoogleMapsHelpers.csproj", "{B325CCF9-A868-469F-A629-EFC88C6298A5}"
EndProject
Project("{FAE04EC0-301F-11D3-BF4B-00C04F79EFBC}") = "GoogleMapsHelpers.Tests", "test\GoogleMapsHelpers\GoogleMapsHelpers.Tests\GoogleMapsHelpers.Tests.csproj", "{6395F18A-A76B-443D-BAA2-1F1E0F1194D7}"
EndProject
Global
	GlobalSection(SolutionConfigurationPlatforms) = preSolution
		Debug|Any CPU = Debug|Any CPU
		Release|Any CPU = Release|Any CPU
	EndGlobalSection
	GlobalSection(ProjectConfigurationPlatforms) = postSolution
		{B325CCF9-A868-469F-A629-EFC88C6298A5}.Debug|Any CPU.ActiveCfg = Debug|Any CPU
		{B325CCF9-A868-469F-A629-EFC88C6298A5}.Debug|Any CPU.Build.0 = Debug|Any CPU
		{B325CCF9-A868-469F-A629-EFC88C6298A5}.Release|Any CPU.ActiveCfg = Release|Any CPU
		{B325CCF9-A868-469F-A629-EFC88C6298A5}.Release|Any CPU.Build.0 = Release|Any CPU
		{6395F18A-A76B-443D-BAA2-1F1E0F1194D7}.Debug|Any CPU.ActiveCfg = Debug|Any CPU
		{6395F18A-A76B-443D-BAA2-1F1E0F1194D7}.Debug|Any CPU.Build.0 = Debug|Any CPU
		{6395F18A-A76B-443D-BAA2-1F1E0F1194D7}.Release|Any CPU.ActiveCfg = Release|Any CPU
		{6395F18A-A76B-443D-BAA2-1F1E0F1194D7}.Release|Any CPU.Build.0 = Release|Any CPU
	EndGlobalSection
	GlobalSection(SolutionProperties) = preSolution
		HideSolutionNode = FALSE
	EndGlobalSection
EndGlobal
